
Microsoft Visual Studio Solution File, Format Version 12.00
# Visual Studio 15
VisualStudioVersion = 15.0.27004.2002
MinimumVisualStudioVersion = 10.0.40219.1
Project("{FAE04EC0-301F-11D3-BF4B-00C04F79EFBC}") = "PolarisPro", "PolarisPro\PolarisPro.csproj", "{917109E4-BCE2-43E4-AA2F-F48B631B9FB4}"
EndProject
Global
	GlobalSection(SolutionConfigurationPlatforms) = preSolution
		Debug|Any CPU = Debug|Any CPU
		Release|Any CPU = Release|Any CPU
	EndGlobalSection
	GlobalSection(ProjectConfigurationPlatforms) = postSolution
		{917109E4-BCE2-43E4-AA2F-F48B631B9FB4}.Debug|Any CPU.ActiveCfg = Debug|Any CPU
		{917109E4-BCE2-43E4-AA2F-F48B631B9FB4}.Debug|Any CPU.Build.0 = Debug|Any CPU
		{917109E4-BCE2-43E4-AA2F-F48B631B9FB4}.Release|Any CPU.ActiveCfg = Release|Any CPU
		{917109E4-BCE2-43E4-AA2F-F48B631B9FB4}.Release|Any CPU.Build.0 = Release|Any CPU
	EndGlobalSection
	GlobalSection(SolutionProperties) = preSolution
		HideSolutionNode = FALSE
	EndGlobalSection
	GlobalSection(ExtensibilityGlobals) = postSolution
		SolutionGuid = {4EE71C78-BAFD-4476-86B3-AC3A1DE53D87}
	EndGlobalSection
EndGlobal
